
Microsoft Visual Studio Solution File, Format Version 12.00
# Visual Studio Version 17
VisualStudioVersion = 17.9.34616.47
MinimumVisualStudioVersion = 10.0.40219.1
Project("{2150E333-8FDC-42A3-9474-1A3956D46DE8}") = "Solution Items", "Solution Items", "{1900826F-515B-4BD4-A951-C9C61933EF3B}"
	ProjectSection(SolutionItems) = preProject
		.editorconfig = .editorconfig
	EndProjectSection
EndProject
Project("{9A19103F-16F7-4668-BE54-9A1E7A4F7556}") = "Alkaline64.Injectable", "src\Alkaline64.Injectable\Alkaline64.Injectable.csproj", "{8BDD282A-3CD5-40ED-8D16-965D0A3E5712}"
EndProject
Project("{2150E333-8FDC-42A3-9474-1A3956D46DE8}") = "Tests", "Tests", "{D885D8FD-202A-40AA-9D48-2BAAF66CD71A}"
EndProject
Project("{9A19103F-16F7-4668-BE54-9A1E7A4F7556}") = "Alkaline64.Injectable.Tests", "test\Alkaline64.Injectable.Tests\Alkaline64.Injectable.Tests.csproj", "{7F98A3D2-D3AB-4672-9EAF-4DDA1057B0B5}"
EndProject
Project("{9A19103F-16F7-4668-BE54-9A1E7A4F7556}") = "Alkaline64.Injectable.Tests.Accessibility", "test\Alkaline64.Injectable.Testables\Alkaline64.Injectable.Tests.Accessibility.csproj", "{14CE8B35-FE14-48F2-9298-77DFF784A391}"
EndProject
Project("{2150E333-8FDC-42A3-9474-1A3956D46DE8}") = "Assemblies", "Assemblies", "{10B69C4B-28E0-4D5F-AEFC-868388B528AA}"
EndProject
Project("{9A19103F-16F7-4668-BE54-9A1E7A4F7556}") = "Alkaline64.Injectable.Tests.Lifetime", "test\Alkaline64.Injectable.Tests.Lifetime\Alkaline64.Injectable.Tests.Lifetime.csproj", "{C0507772-B332-4998-B199-A2295683E940}"
EndProject
Project("{9A19103F-16F7-4668-BE54-9A1E7A4F7556}") = "Alkaline64.Injectable.Tests.Context1", "test\Alkaline64.Injectable.Tests.Context1\Alkaline64.Injectable.Tests.Context1.csproj", "{1DDE15DF-609E-4957-A65B-19577386BD57}"
EndProject
Project("{9A19103F-16F7-4668-BE54-9A1E7A4F7556}") = "Alkaline64.Injectable.Tests.Shared", "test\Alkaline64.Injectable.Tests.Shared\Alkaline64.Injectable.Tests.Shared.csproj", "{D13A6825-3D91-4AD7-8900-C9F3AB31A3F3}"
EndProject
Project("{9A19103F-16F7-4668-BE54-9A1E7A4F7556}") = "Alkaline64.Injectable.Tests.Context2", "test\Alkaline64.Injectable.Tests.Context2\Alkaline64.Injectable.Tests.Context2.csproj", "{5ECA3A95-2B90-41BA-B063-89202B48C139}"
EndProject
Project("{9A19103F-16F7-4668-BE54-9A1E7A4F7556}") = "Alkaline64.Injectable.Tests.Keyed", "test\Alkaline64.Injectable.Tests.Keyed\Alkaline64.Injectable.Tests.Keyed.csproj", "{351DB6BD-CCC6-40A2-A165-BDFF7750A4CA}"
EndProject
Project("{FAE04EC0-301F-11D3-BF4B-00C04F79EFBC}") = "Alkaline64.Injectable.Tests.TryAdd", "test\Alkaline64.Injectable.Tests.TryAdd\Alkaline64.Injectable.Tests.TryAdd.csproj", "{049B880F-DC11-46C5-AFB6-56F23E1CCB95}"
EndProject
Global
	GlobalSection(SolutionConfigurationPlatforms) = preSolution
		Debug|Any CPU = Debug|Any CPU
		Release|Any CPU = Release|Any CPU
	EndGlobalSection
	GlobalSection(ProjectConfigurationPlatforms) = postSolution
		{8BDD282A-3CD5-40ED-8D16-965D0A3E5712}.Debug|Any CPU.ActiveCfg = Debug|Any CPU
		{8BDD282A-3CD5-40ED-8D16-965D0A3E5712}.Debug|Any CPU.Build.0 = Debug|Any CPU
		{8BDD282A-3CD5-40ED-8D16-965D0A3E5712}.Release|Any CPU.ActiveCfg = Release|Any CPU
		{8BDD282A-3CD5-40ED-8D16-965D0A3E5712}.Release|Any CPU.Build.0 = Release|Any CPU
		{7F98A3D2-D3AB-4672-9EAF-4DDA1057B0B5}.Debug|Any CPU.ActiveCfg = Debug|Any CPU
		{7F98A3D2-D3AB-4672-9EAF-4DDA1057B0B5}.Debug|Any CPU.Build.0 = Debug|Any CPU
		{7F98A3D2-D3AB-4672-9EAF-4DDA1057B0B5}.Release|Any CPU.ActiveCfg = Release|Any CPU
		{7F98A3D2-D3AB-4672-9EAF-4DDA1057B0B5}.Release|Any CPU.Build.0 = Release|Any CPU
		{14CE8B35-FE14-48F2-9298-77DFF784A391}.Debug|Any CPU.ActiveCfg = Debug|Any CPU
		{14CE8B35-FE14-48F2-9298-77DFF784A391}.Debug|Any CPU.Build.0 = Debug|Any CPU
		{14CE8B35-FE14-48F2-9298-77DFF784A391}.Release|Any CPU.ActiveCfg = Release|Any CPU
		{14CE8B35-FE14-48F2-9298-77DFF784A391}.Release|Any CPU.Build.0 = Release|Any CPU
		{C0507772-B332-4998-B199-A2295683E940}.Debug|Any CPU.ActiveCfg = Debug|Any CPU
		{C0507772-B332-4998-B199-A2295683E940}.Debug|Any CPU.Build.0 = Debug|Any CPU
		{C0507772-B332-4998-B199-A2295683E940}.Release|Any CPU.ActiveCfg = Release|Any CPU
		{C0507772-B332-4998-B199-A2295683E940}.Release|Any CPU.Build.0 = Release|Any CPU
		{1DDE15DF-609E-4957-A65B-19577386BD57}.Debug|Any CPU.ActiveCfg = Debug|Any CPU
		{1DDE15DF-609E-4957-A65B-19577386BD57}.Debug|Any CPU.Build.0 = Debug|Any CPU
		{1DDE15DF-609E-4957-A65B-19577386BD57}.Release|Any CPU.ActiveCfg = Release|Any CPU
		{1DDE15DF-609E-4957-A65B-19577386BD57}.Release|Any CPU.Build.0 = Release|Any CPU
		{D13A6825-3D91-4AD7-8900-C9F3AB31A3F3}.Debug|Any CPU.ActiveCfg = Debug|Any CPU
		{D13A6825-3D91-4AD7-8900-C9F3AB31A3F3}.Debug|Any CPU.Build.0 = Debug|Any CPU
		{D13A6825-3D91-4AD7-8900-C9F3AB31A3F3}.Release|Any CPU.ActiveCfg = Release|Any CPU
		{D13A6825-3D91-4AD7-8900-C9F3AB31A3F3}.Release|Any CPU.Build.0 = Release|Any CPU
		{5ECA3A95-2B90-41BA-B063-89202B48C139}.Debug|Any CPU.ActiveCfg = Debug|Any CPU
		{5ECA3A95-2B90-41BA-B063-89202B48C139}.Debug|Any CPU.Build.0 = Debug|Any CPU
		{5ECA3A95-2B90-41BA-B063-89202B48C139}.Release|Any CPU.ActiveCfg = Release|Any CPU
		{5ECA3A95-2B90-41BA-B063-89202B48C139}.Release|Any CPU.Build.0 = Release|Any CPU
		{351DB6BD-CCC6-40A2-A165-BDFF7750A4CA}.Debug|Any CPU.ActiveCfg = Debug|Any CPU
		{351DB6BD-CCC6-40A2-A165-BDFF7750A4CA}.Debug|Any CPU.Build.0 = Debug|Any CPU
		{351DB6BD-CCC6-40A2-A165-BDFF7750A4CA}.Release|Any CPU.ActiveCfg = Release|Any CPU
		{351DB6BD-CCC6-40A2-A165-BDFF7750A4CA}.Release|Any CPU.Build.0 = Release|Any CPU
		{049B880F-DC11-46C5-AFB6-56F23E1CCB95}.Debug|Any CPU.ActiveCfg = Debug|Any CPU
		{049B880F-DC11-46C5-AFB6-56F23E1CCB95}.Debug|Any CPU.Build.0 = Debug|Any CPU
		{049B880F-DC11-46C5-AFB6-56F23E1CCB95}.Release|Any CPU.ActiveCfg = Release|Any CPU
		{049B880F-DC11-46C5-AFB6-56F23E1CCB95}.Release|Any CPU.Build.0 = Release|Any CPU
	EndGlobalSection
	GlobalSection(SolutionProperties) = preSolution
		HideSolutionNode = FALSE
	EndGlobalSection
	GlobalSection(NestedProjects) = preSolution
		{7F98A3D2-D3AB-4672-9EAF-4DDA1057B0B5} = {D885D8FD-202A-40AA-9D48-2BAAF66CD71A}
		{14CE8B35-FE14-48F2-9298-77DFF784A391} = {10B69C4B-28E0-4D5F-AEFC-868388B528AA}
		{10B69C4B-28E0-4D5F-AEFC-868388B528AA} = {D885D8FD-202A-40AA-9D48-2BAAF66CD71A}
		{C0507772-B332-4998-B199-A2295683E940} = {10B69C4B-28E0-4D5F-AEFC-868388B528AA}
		{1DDE15DF-609E-4957-A65B-19577386BD57} = {10B69C4B-28E0-4D5F-AEFC-868388B528AA}
		{D13A6825-3D91-4AD7-8900-C9F3AB31A3F3} = {D885D8FD-202A-40AA-9D48-2BAAF66CD71A}
		{5ECA3A95-2B90-41BA-B063-89202B48C139} = {10B69C4B-28E0-4D5F-AEFC-868388B528AA}
		{351DB6BD-CCC6-40A2-A165-BDFF7750A4CA} = {10B69C4B-28E0-4D5F-AEFC-868388B528AA}
		{049B880F-DC11-46C5-AFB6-56F23E1CCB95} = {10B69C4B-28E0-4D5F-AEFC-868388B528AA}
	EndGlobalSection
	GlobalSection(ExtensibilityGlobals) = postSolution
		SolutionGuid = {50332276-3700-434F-B2B8-2ED5A75F13AE}
	EndGlobalSection
EndGlobal
